
Microsoft Visual Studio Solution File, Format Version 11.00
# Visual Studio 2010
Project("{8BC9CEB8-8B4A-11D0-8D11-00A0C91BC942}") = "MKVSDCHook", "MKVSDCHook\MKVSDCHook.vcxproj", "{2FB3B64A-7C6E-4323-B32C-93AE270B76AF}"
EndProject
Global
	GlobalSection(SolutionConfigurationPlatforms) = preSolution
		Release|Xbox 360 = Release|Xbox 360
	EndGlobalSection
	GlobalSection(ProjectConfigurationPlatforms) = postSolution
		{2FB3B64A-7C6E-4323-B32C-93AE270B76AF}.Release|Xbox 360.ActiveCfg = Release|Xbox 360
		{2FB3B64A-7C6E-4323-B32C-93AE270B76AF}.Release|Xbox 360.Build.0 = Release|Xbox 360
	EndGlobalSection
	GlobalSection(SolutionProperties) = preSolution
		HideSolutionNode = FALSE
	EndGlobalSection
EndGlobal
